
Microsoft Visual Studio Solution File, Format Version 12.00
# Visual Studio Version 17
VisualStudioVersion = 17.3.32901.215
MinimumVisualStudioVersion = 10.0.40219.1
Project("{FAE04EC0-301F-11D3-BF4B-00C04F79EFBC}") = "DesafioPOOSistemaCelular", "DesafioPOOSistemaCelular\DesafioPOOSistemaCelular.csproj", "{B76FC18A-51C7-4929-A349-B0286B0FE163}"
EndProject
Global
	GlobalSection(SolutionConfigurationPlatforms) = preSolution
		Debug|Any CPU = Debug|Any CPU
		Release|Any CPU = Release|Any CPU
	EndGlobalSection
	GlobalSection(ProjectConfigurationPlatforms) = postSolution
		{B76FC18A-51C7-4929-A349-B0286B0FE163}.Debug|Any CPU.ActiveCfg = Debug|Any CPU
		{B76FC18A-51C7-4929-A349-B0286B0FE163}.Debug|Any CPU.Build.0 = Debug|Any CPU
		{B76FC18A-51C7-4929-A349-B0286B0FE163}.Release|Any CPU.ActiveCfg = Release|Any CPU
		{B76FC18A-51C7-4929-A349-B0286B0FE163}.Release|Any CPU.Build.0 = Release|Any CPU
	EndGlobalSection
	GlobalSection(SolutionProperties) = preSolution
		HideSolutionNode = FALSE
	EndGlobalSection
	GlobalSection(ExtensibilityGlobals) = postSolution
		SolutionGuid = {9C4B0DD5-18D7-4FBD-9C12-50D2392CD421}
	EndGlobalSection
EndGlobal
